
Microsoft Visual Studio Solution File, Format Version 12.00
# Visual Studio 15
VisualStudioVersion = 15.0.26228.9
MinimumVisualStudioVersion = 10.0.40219.1
Project("{FAE04EC0-301F-11D3-BF4B-00C04F79EFBC}") = "MyServer", "MyServer\MyServer.csproj", "{2579D94D-635B-4DED-B818-8F906816ED80}"
EndProject
Project("{FAE04EC0-301F-11D3-BF4B-00C04F79EFBC}") = "MyClient", "MyClient\MyClient.csproj", "{C628BD53-83AC-4238-A96B-E9301318837F}"
EndProject
Project("{FAE04EC0-301F-11D3-BF4B-00C04F79EFBC}") = "ShareDLL", "ShareDLL\ShareDLL.csproj", "{8272AD0B-99F0-45E4-8A99-4D0191A5598B}"
EndProject
Global
	GlobalSection(SolutionConfigurationPlatforms) = preSolution
		Debug|Any CPU = Debug|Any CPU
		Release|Any CPU = Release|Any CPU
	EndGlobalSection
	GlobalSection(ProjectConfigurationPlatforms) = postSolution
		{2579D94D-635B-4DED-B818-8F906816ED80}.Debug|Any CPU.ActiveCfg = Debug|Any CPU
		{2579D94D-635B-4DED-B818-8F906816ED80}.Debug|Any CPU.Build.0 = Debug|Any CPU
		{2579D94D-635B-4DED-B818-8F906816ED80}.Release|Any CPU.ActiveCfg = Release|Any CPU
		{2579D94D-635B-4DED-B818-8F906816ED80}.Release|Any CPU.Build.0 = Release|Any CPU
		{C628BD53-83AC-4238-A96B-E9301318837F}.Debug|Any CPU.ActiveCfg = Debug|Any CPU
		{C628BD53-83AC-4238-A96B-E9301318837F}.Debug|Any CPU.Build.0 = Debug|Any CPU
		{C628BD53-83AC-4238-A96B-E9301318837F}.Release|Any CPU.ActiveCfg = Release|Any CPU
		{C628BD53-83AC-4238-A96B-E9301318837F}.Release|Any CPU.Build.0 = Release|Any CPU
		{8272AD0B-99F0-45E4-8A99-4D0191A5598B}.Debug|Any CPU.ActiveCfg = Debug|Any CPU
		{8272AD0B-99F0-45E4-8A99-4D0191A5598B}.Debug|Any CPU.Build.0 = Debug|Any CPU
		{8272AD0B-99F0-45E4-8A99-4D0191A5598B}.Release|Any CPU.ActiveCfg = Release|Any CPU
		{8272AD0B-99F0-45E4-8A99-4D0191A5598B}.Release|Any CPU.Build.0 = Release|Any CPU
	EndGlobalSection
	GlobalSection(SolutionProperties) = preSolution
		HideSolutionNode = FALSE
	EndGlobalSection
EndGlobal
